
Microsoft Visual Studio Solution File, Format Version 12.00
# Visual Studio Version 17
VisualStudioVersion = 17.7.34202.233
MinimumVisualStudioVersion = 10.0.40219.1
Project("{9A19103F-16F7-4668-BE54-9A1E7A4F7556}") = "Algorithms-CSharp", "Algorithms-C#\Algorithms-CSharp.csproj", "{A83F668B-EDE5-46DD-A889-7D067554A3D7}"
EndProject
Global
	GlobalSection(SolutionConfigurationPlatforms) = preSolution
		Debug|Any CPU = Debug|Any CPU
		Release|Any CPU = Release|Any CPU
	EndGlobalSection
	GlobalSection(ProjectConfigurationPlatforms) = postSolution
		{A83F668B-EDE5-46DD-A889-7D067554A3D7}.Debug|Any CPU.ActiveCfg = Debug|Any CPU
		{A83F668B-EDE5-46DD-A889-7D067554A3D7}.Debug|Any CPU.Build.0 = Debug|Any CPU
		{A83F668B-EDE5-46DD-A889-7D067554A3D7}.Release|Any CPU.ActiveCfg = Release|Any CPU
		{A83F668B-EDE5-46DD-A889-7D067554A3D7}.Release|Any CPU.Build.0 = Release|Any CPU
	EndGlobalSection
	GlobalSection(SolutionProperties) = preSolution
		HideSolutionNode = FALSE
	EndGlobalSection
	GlobalSection(ExtensibilityGlobals) = postSolution
		SolutionGuid = {6EA6C7D0-39D6-4776-B37E-68E4B1EBE786}
	EndGlobalSection
EndGlobal
